{
  "version": 4,
  "terraform_version": "1.2.4",
  "serial": 37,
  "lineage": "53113648-c6be-3326-b829-ecbb610aa8f2",
  "outputs": {
    "pool_name": {
      "value": "projects/1042136034708/locations/global/workloadIdentityPools/github-identity-pool",
      "type": "string"
    },
    "provider_name": {
      "value": "projects/1042136034708/locations/global/workloadIdentityPools/github-identity-pool/providers/github-identity-provider",
      "type": "string"
    },
    "sa_email": {
      "value": "github-actions-service-account@apass-5.iam.gserviceaccount.com",
      "type": "string"
    }
  },
  "resources": [
    {
      "mode": "managed",
      "type": "google_project_iam_member",
      "name": "storage_admin",
      "provider": "provider[\"registry.terraform.io/hashicorp/google\"]",
      "instances": [
        {
          "schema_version": 0,
          "attributes": {
            "condition": [],
            "etag": "BwXixW2CoLw=",
            "id": "apass-5/roles/storage.admin/serviceAccount:github-actions-service-account@apass-5.iam.gserviceaccount.com",
            "member": "serviceAccount:github-actions-service-account@apass-5.iam.gserviceaccount.com",
            "project": "apass-5",
            "role": "roles/storage.admin"
          },
          "sensitive_attributes": [],
          "private": "bnVsbA==",
          "dependencies": [
            "google_service_account.sa"
          ]
        }
      ]
    },
    {
      "mode": "managed",
      "type": "google_service_account",
      "name": "sa",
      "provider": "provider[\"registry.terraform.io/hashicorp/google\"]",
      "instances": [
        {
          "schema_version": 0,
          "attributes": {
            "account_id": "github-actions-service-account",
            "description": "",
            "disabled": false,
            "display_name": "",
            "email": "github-actions-service-account@apass-5.iam.gserviceaccount.com",
            "id": "projects/apass-5/serviceAccounts/github-actions-service-account@apass-5.iam.gserviceaccount.com",
            "name": "projects/apass-5/serviceAccounts/github-actions-service-account@apass-5.iam.gserviceaccount.com",
            "project": "apass-5",
            "timeouts": null,
            "unique_id": "116761027551923912513"
          },
          "sensitive_attributes": [],
          "private": "eyJlMmJmYjczMC1lY2FhLTExZTYtOGY4OC0zNDM2M2JjN2M0YzAiOnsiY3JlYXRlIjozMDAwMDAwMDAwMDB9fQ=="
        }
      ]
    },
    {
      "module": "module.gh_oidc",
      "mode": "managed",
      "type": "google_iam_workload_identity_pool",
      "name": "main",
      "provider": "provider[\"registry.terraform.io/hashicorp/google-beta\"]",
      "instances": [
        {
          "schema_version": 0,
          "attributes": {
            "description": "Workload Identity Pool managed by Terraform",
            "disabled": false,
            "display_name": "",
            "id": "projects/apass-5/locations/global/workloadIdentityPools/github-identity-pool",
            "name": "projects/1042136034708/locations/global/workloadIdentityPools/github-identity-pool",
            "project": "apass-5",
            "state": "ACTIVE",
            "timeouts": null,
            "workload_identity_pool_id": "github-identity-pool"
          },
          "sensitive_attributes": [],
          "private": "eyJlMmJmYjczMC1lY2FhLTExZTYtOGY4OC0zNDM2M2JjN2M0YzAiOnsiY3JlYXRlIjoxMjAwMDAwMDAwMDAwLCJkZWxldGUiOjEyMDAwMDAwMDAwMDAsInVwZGF0ZSI6MTIwMDAwMDAwMDAwMH19"
        }
      ]
    },
    {
      "module": "module.gh_oidc",
      "mode": "managed",
      "type": "google_iam_workload_identity_pool_provider",
      "name": "main",
      "provider": "provider[\"registry.terraform.io/hashicorp/google-beta\"]",
      "instances": [
        {
          "schema_version": 0,
          "attributes": {
            "attribute_condition": "",
            "attribute_mapping": {
              "attribute.actor": "assertion.actor",
              "attribute.aud": "assertion.aud",
              "attribute.repository": "assertion.repository",
              "google.subject": "assertion.sub"
            },
            "aws": [],
            "description": "Workload Identity Pool Provider managed by Terraform",
            "disabled": false,
            "display_name": "",
            "id": "projects/apass-5/locations/global/workloadIdentityPools/github-identity-pool/providers/github-identity-provider",
            "name": "projects/1042136034708/locations/global/workloadIdentityPools/github-identity-pool/providers/github-identity-provider",
            "oidc": [
              {
                "allowed_audiences": [],
                "issuer_uri": "https://token.actions.githubusercontent.com"
              }
            ],
            "project": "apass-5",
            "state": "ACTIVE",
            "timeouts": null,
            "workload_identity_pool_id": "github-identity-pool",
            "workload_identity_pool_provider_id": "github-identity-provider"
          },
          "sensitive_attributes": [],
          "private": "eyJlMmJmYjczMC1lY2FhLTExZTYtOGY4OC0zNDM2M2JjN2M0YzAiOnsiY3JlYXRlIjoxMjAwMDAwMDAwMDAwLCJkZWxldGUiOjEyMDAwMDAwMDAwMDAsInVwZGF0ZSI6MTIwMDAwMDAwMDAwMH19",
          "dependencies": [
            "module.gh_oidc.google_iam_workload_identity_pool.main"
          ]
        }
      ]
    },
    {
      "module": "module.gh_oidc",
      "mode": "managed",
      "type": "google_service_account_iam_member",
      "name": "wif-sa",
      "provider": "provider[\"registry.terraform.io/hashicorp/google\"]",
      "instances": [
        {
          "index_key": "(google_service_account.sa.account_id)",
          "schema_version": 0,
          "attributes": {
            "condition": [],
            "etag": "BwXixW3cl0E=",
            "id": "projects/apass-5/serviceAccounts/github-actions-service-account@apass-5.iam.gserviceaccount.com/roles/iam.workloadIdentityUser/principalSet://iam.googleapis.com/projects/1042136034708/locations/global/workloadIdentityPools/github-identity-pool/attribute.repository/sttawm/a-pass",
            "member": "principalSet://iam.googleapis.com/projects/1042136034708/locations/global/workloadIdentityPools/github-identity-pool/attribute.repository/sttawm/a-pass",
            "role": "roles/iam.workloadIdentityUser",
            "service_account_id": "projects/apass-5/serviceAccounts/github-actions-service-account@apass-5.iam.gserviceaccount.com"
          },
          "sensitive_attributes": [],
          "private": "bnVsbA==",
          "dependencies": [
            "google_service_account.sa",
            "module.gh_oidc.google_iam_workload_identity_pool.main"
          ]
        }
      ]
    }
  ]
}
